// !$*UTF8*$!
{
	archiveVersion = 1;
	classes = {
	};
	objectVersion = 71;
	objects = {

/* Begin PBXBuildFile section */
		A10000000000000000000001 /* SpotOMGControllerApp.swift in Sources */ = {isa = PBXBuildFile; fileRef = A20000000000000000000001 /* SpotOMGControllerApp.swift */; };
		A10000000000000000000002 /* RobotBluetoothManager.swift in Sources */ = {isa = PBXBuildFile; fileRef = A20000000000000000000002 /* RobotBluetoothManager.swift */; };
		A10000000000000000000003 /* ConnectionState.swift in Sources */ = {isa = PBXBuildFile; fileRef = A20000000000000000000003 /* ConnectionState.swift */; };
		A10000000000000000000004 /* RobotCommand.swift in Sources */ = {isa = PBXBuildFile; fileRef = A20000000000000000000004 /* RobotCommand.swift */; };
		A10000000000000000000005 /* ContentView.swift in Sources */ = {isa = PBXBuildFile; fileRef = A20000000000000000000005 /* ContentView.swift */; };
		A10000000000000000000006 /* ControlView.swift in Sources */ = {isa = PBXBuildFile; fileRef = A20000000000000000000006 /* ControlView.swift */; };
		A10000000000000000000007 /* ConsoleView.swift in Sources */ = {isa = PBXBuildFile; fileRef = A20000000000000000000007 /* ConsoleView.swift */; };
		A10000000000000000000008 /* RobotCommandTests.swift in Sources */ = {isa = PBXBuildFile; fileRef = A20000000000000000000009 /* RobotCommandTests.swift */; };
		A10000000000000000000009 /* VirtualJoystick.swift in Sources */ = {isa = PBXBuildFile; fileRef = A2000000000000000000000D /* VirtualJoystick.swift */; };
		A1000000000000000000000A /* Assets.xcassets in Resources */ = {isa = PBXBuildFile; fileRef = A2000000000000000000000E /* Assets.xcassets */; };
/* End PBXBuildFile section */

/* Begin PBXContainerItemProxy section */
		A30000000000000000000001 /* PBXContainerItemProxy */ = {
			isa = PBXContainerItemProxy;
			containerPortal = A90000000000000000000001 /* Project object */;
			proxyType = 1;
			remoteGlobalIDString = A70000000000000000000001;
			remoteInfo = SpotOMGController;
		};
/* End PBXContainerItemProxy section */

/* Begin PBXFileReference section */
		A20000000000000000000001 /* SpotOMGControllerApp.swift */ = {isa = PBXFileReference; lastKnownFileType = sourcecode.swift; path = SpotOMGControllerApp.swift; sourceTree = "<group>"; };
		A20000000000000000000002 /* RobotBluetoothManager.swift */ = {isa = PBXFileReference; lastKnownFileType = sourcecode.swift; path = RobotBluetoothManager.swift; sourceTree = "<group>"; };
		A20000000000000000000003 /* ConnectionState.swift */ = {isa = PBXFileReference; lastKnownFileType = sourcecode.swift; path = ConnectionState.swift; sourceTree = "<group>"; };
		A20000000000000000000004 /* RobotCommand.swift */ = {isa = PBXFileReference; lastKnownFileType = sourcecode.swift; path = RobotCommand.swift; sourceTree = "<group>"; };
		A20000000000000000000005 /* ContentView.swift */ = {isa = PBXFileReference; lastKnownFileType = sourcecode.swift; path = ContentView.swift; sourceTree = "<group>"; };
		A20000000000000000000006 /* ControlView.swift */ = {isa = PBXFileReference; lastKnownFileType = sourcecode.swift; path = ControlView.swift; sourceTree = "<group>"; };
		A20000000000000000000007 /* ConsoleView.swift */ = {isa = PBXFileReference; lastKnownFileType = sourcecode.swift; path = ConsoleView.swift; sourceTree = "<group>"; };
		A20000000000000000000008 /* Info.plist */ = {isa = PBXFileReference; lastKnownFileType = text.plist.xml; path = Info.plist; sourceTree = "<group>"; };
		A20000000000000000000009 /* RobotCommandTests.swift */ = {isa = PBXFileReference; lastKnownFileType = sourcecode.swift; path = RobotCommandTests.swift; sourceTree = "<group>"; };
		A2000000000000000000000A /* SpotOMGController.app */ = {isa = PBXFileReference; explicitFileType = wrapper.application; includeInIndex = 0; path = SpotOMGController.app; sourceTree = BUILT_PRODUCTS_DIR; };
		A2000000000000000000000B /* SpotOMGControllerTests.xctest */ = {isa = PBXFileReference; explicitFileType = wrapper.cfbundle; includeInIndex = 0; path = SpotOMGControllerTests.xctest; sourceTree = BUILT_PRODUCTS_DIR; };
		A2000000000000000000000C /* README.md */ = {isa = PBXFileReference; lastKnownFileType = net.daringfireball.markdown; path = README.md; sourceTree = "<group>"; };
		A2000000000000000000000D /* VirtualJoystick.swift */ = {isa = PBXFileReference; lastKnownFileType = sourcecode.swift; path = VirtualJoystick.swift; sourceTree = "<group>"; };
		A2000000000000000000000E /* Assets.xcassets */ = {isa = PBXFileReference; lastKnownFileType = folder.assetcatalog; path = Assets.xcassets; sourceTree = "<group>"; };
/* End PBXFileReference section */

/* Begin PBXFrameworksBuildPhase section */
		A40000000000000000000001 /* Frameworks */ = {
			isa = PBXFrameworksBuildPhase;
			buildActionMask = 2147483647;
			files = (
			);
			runOnlyForDeploymentPostprocessing = 0;
		};
		A40000000000000000000002 /* Frameworks */ = {
			isa = PBXFrameworksBuildPhase;
			buildActionMask = 2147483647;
			files = (
			);
			runOnlyForDeploymentPostprocessing = 0;
		};
/* End PBXFrameworksBuildPhase section */

/* Begin PBXGroup section */
		A50000000000000000000001 = {
			isa = PBXGroup;
			children = (
				A50000000000000000000002 /* SpotOMGController */,
				A50000000000000000000008 /* SpotOMGControllerTests */,
				A50000000000000000000009 /* Products */,
				A2000000000000000000000C /* README.md */,
			);
			sourceTree = "<group>";
		};
		A50000000000000000000002 /* SpotOMGController */ = {
			isa = PBXGroup;
			children = (
				A50000000000000000000003 /* App */,
				A50000000000000000000004 /* BLE */,
				A50000000000000000000005 /* Models */,
				A50000000000000000000006 /* Protocol */,
				A50000000000000000000007 /* Views */,
				A5000000000000000000000A /* Resources */,
			);
			path = SpotOMGController;
			sourceTree = "<group>";
		};
		A50000000000000000000003 /* App */ = {
			isa = PBXGroup;
			children = (
				A20000000000000000000001 /* SpotOMGControllerApp.swift */,
			);
			path = App;
			sourceTree = "<group>";
		};
		A50000000000000000000004 /* BLE */ = {
			isa = PBXGroup;
			children = (
				A20000000000000000000002 /* RobotBluetoothManager.swift */,
			);
			path = BLE;
			sourceTree = "<group>";
		};
		A50000000000000000000005 /* Models */ = {
			isa = PBXGroup;
			children = (
				A20000000000000000000003 /* ConnectionState.swift */,
			);
			path = Models;
			sourceTree = "<group>";
		};
		A50000000000000000000006 /* Protocol */ = {
			isa = PBXGroup;
			children = (
				A20000000000000000000004 /* RobotCommand.swift */,
			);
			path = Protocol;
			sourceTree = "<group>";
		};
		A50000000000000000000007 /* Views */ = {
			isa = PBXGroup;
			children = (
				A20000000000000000000005 /* ContentView.swift */,
				A20000000000000000000006 /* ControlView.swift */,
				A20000000000000000000007 /* ConsoleView.swift */,
				A2000000000000000000000D /* VirtualJoystick.swift */,
			);
			path = Views;
			sourceTree = "<group>";
		};
		A50000000000000000000008 /* SpotOMGControllerTests */ = {
			isa = PBXGroup;
			children = (
				A20000000000000000000009 /* RobotCommandTests.swift */,
			);
			path = SpotOMGControllerTests;
			sourceTree = "<group>";
		};
		A50000000000000000000009 /* Products */ = {
			isa = PBXGroup;
			children = (
				A2000000000000000000000A /* SpotOMGController.app */,
				A2000000000000000000000B /* SpotOMGControllerTests.xctest */,
			);
			name = Products;
			sourceTree = "<group>";
		};
		A5000000000000000000000A /* Resources */ = {
			isa = PBXGroup;
			children = (
				A2000000000000000000000E /* Assets.xcassets */,
				A20000000000000000000008 /* Info.plist */,
			);
			path = Resources;
			sourceTree = "<group>";
		};
/* End PBXGroup section */

/* Begin PBXNativeTarget section */
		A70000000000000000000001 /* SpotOMGController */ = {
			isa = PBXNativeTarget;
			buildConfigurationList = A80000000000000000000002 /* Build configuration list for PBXNativeTarget "SpotOMGController" */;
			buildPhases = (
				A60000000000000000000001 /* Sources */,
				A40000000000000000000001 /* Frameworks */,
				A60000000000000000000003 /* Resources */,
			);
			buildRules = (
			);
			dependencies = (
			);
			name = SpotOMGController;
			productName = SpotOMGController;
			productReference = A2000000000000000000000A /* SpotOMGController.app */;
			productType = "com.apple.product-type.application";
		};
		A70000000000000000000002 /* SpotOMGControllerTests */ = {
			isa = PBXNativeTarget;
			buildConfigurationList = A80000000000000000000003 /* Build configuration list for PBXNativeTarget "SpotOMGControllerTests" */;
			buildPhases = (
				A60000000000000000000002 /* Sources */,
				A40000000000000000000002 /* Frameworks */,
				A60000000000000000000004 /* Resources */,
			);
			buildRules = (
			);
			dependencies = (
				A30000000000000000000002 /* PBXTargetDependency */,
			);
			name = SpotOMGControllerTests;
			productName = SpotOMGControllerTests;
			productReference = A2000000000000000000000B /* SpotOMGControllerTests.xctest */;
			productType = "com.apple.product-type.bundle.unit-test";
		};
/* End PBXNativeTarget section */

/* Begin PBXProject section */
		A90000000000000000000001 /* Project object */ = {
			isa = PBXProject;
			attributes = {
				BuildIndependentTargetsInParallel = 1;
				LastSwiftUpdateCheck = 2640;
				LastUpgradeCheck = 2640;
				TargetAttributes = {
					A70000000000000000000001 = {
						CreatedOnToolsVersion = 26.4;
					};
					A70000000000000000000002 = {
						CreatedOnToolsVersion = 26.4;
						TestTargetID = A70000000000000000000001;
					};
				};
			};
			buildConfigurationList = A80000000000000000000001 /* Build configuration list for PBXProject "SpotOMGController" */;
			compatibilityVersion = "Xcode 16.0";
			developmentRegion = ko;
			hasScannedForEncodings = 0;
			knownRegions = (
				ko,
				Base,
			);
			mainGroup = A50000000000000000000001;
			productRefGroup = A50000000000000000000009 /* Products */;
			projectDirPath = "";
			projectRoot = "";
			targets = (
				A70000000000000000000001 /* SpotOMGController */,
				A70000000000000000000002 /* SpotOMGControllerTests */,
			);
		};
/* End PBXProject section */

/* Begin PBXResourcesBuildPhase section */
		A60000000000000000000003 /* Resources */ = {
			isa = PBXResourcesBuildPhase;
			buildActionMask = 2147483647;
			files = (
				A1000000000000000000000A /* Assets.xcassets in Resources */,
			);
			runOnlyForDeploymentPostprocessing = 0;
		};
		A60000000000000000000004 /* Resources */ = {
			isa = PBXResourcesBuildPhase;
			buildActionMask = 2147483647;
			files = (
			);
			runOnlyForDeploymentPostprocessing = 0;
		};
/* End PBXResourcesBuildPhase section */

/* Begin PBXSourcesBuildPhase section */
		A60000000000000000000001 /* Sources */ = {
			isa = PBXSourcesBuildPhase;
			buildActionMask = 2147483647;
			files = (
				A10000000000000000000001 /* SpotOMGControllerApp.swift in Sources */,
				A10000000000000000000002 /* RobotBluetoothManager.swift in Sources */,
				A10000000000000000000003 /* ConnectionState.swift in Sources */,
				A10000000000000000000004 /* RobotCommand.swift in Sources */,
				A10000000000000000000005 /* ContentView.swift in Sources */,
				A10000000000000000000006 /* ControlView.swift in Sources */,
				A10000000000000000000007 /* ConsoleView.swift in Sources */,
				A10000000000000000000009 /* VirtualJoystick.swift in Sources */,
			);
			runOnlyForDeploymentPostprocessing = 0;
		};
		A60000000000000000000002 /* Sources */ = {
			isa = PBXSourcesBuildPhase;
			buildActionMask = 2147483647;
			files = (
				A10000000000000000000008 /* RobotCommandTests.swift in Sources */,
			);
			runOnlyForDeploymentPostprocessing = 0;
		};
/* End PBXSourcesBuildPhase section */

/* Begin PBXTargetDependency section */
		A30000000000000000000002 /* PBXTargetDependency */ = {
			isa = PBXTargetDependency;
			target = A70000000000000000000001 /* SpotOMGController */;
			targetProxy = A30000000000000000000001 /* PBXContainerItemProxy */;
		};
/* End PBXTargetDependency section */

/* Begin XCBuildConfiguration section */
		B10000000000000000000001 /* Debug */ = {
			isa = XCBuildConfiguration;
			buildSettings = {
				ALWAYS_SEARCH_USER_PATHS = NO;
				CLANG_ENABLE_MODULES = YES;
				CLANG_ENABLE_OBJC_ARC = YES;
				IPHONEOS_DEPLOYMENT_TARGET = 17.0;
				SDKROOT = iphoneos;
				SWIFT_VERSION = 5.0;
			};
			name = Debug;
		};
		B10000000000000000000002 /* Release */ = {
			isa = XCBuildConfiguration;
			buildSettings = {
				ALWAYS_SEARCH_USER_PATHS = NO;
				CLANG_ENABLE_MODULES = YES;
				CLANG_ENABLE_OBJC_ARC = YES;
				IPHONEOS_DEPLOYMENT_TARGET = 17.0;
				SDKROOT = iphoneos;
				SWIFT_VERSION = 5.0;
			};
			name = Release;
		};
		B10000000000000000000003 /* Debug */ = {
			isa = XCBuildConfiguration;
			buildSettings = {
				ASSETCATALOG_COMPILER_APPICON_NAME = AppIcon;
				CODE_SIGN_STYLE = Automatic;
				CURRENT_PROJECT_VERSION = 1;
				DEVELOPMENT_TEAM = 4V88MT5Y7U;
				ENABLE_TESTABILITY = YES;
				GENERATE_INFOPLIST_FILE = NO;
				INFOPLIST_FILE = SpotOMGController/Resources/Info.plist;
				IPHONEOS_DEPLOYMENT_TARGET = 17.0;
				MARKETING_VERSION = 0.1.0;
				PRODUCT_BUNDLE_IDENTIFIER = com.etnlwind.spotomg.controller;
				PRODUCT_NAME = "$(TARGET_NAME)";
				SUPPORTED_PLATFORMS = "iphoneos iphonesimulator";
				SUPPORTS_MACCATALYST = NO;
				SWIFT_EMIT_LOC_STRINGS = YES;
				SWIFT_OPTIMIZATION_LEVEL = "-Onone";
				TARGETED_DEVICE_FAMILY = 1;
			};
			name = Debug;
		};
		B10000000000000000000004 /* Release */ = {
			isa = XCBuildConfiguration;
			buildSettings = {
				ASSETCATALOG_COMPILER_APPICON_NAME = AppIcon;
				CODE_SIGN_STYLE = Automatic;
				CURRENT_PROJECT_VERSION = 1;
				DEVELOPMENT_TEAM = 4V88MT5Y7U;
				GENERATE_INFOPLIST_FILE = NO;
				INFOPLIST_FILE = SpotOMGController/Resources/Info.plist;
				IPHONEOS_DEPLOYMENT_TARGET = 17.0;
				MARKETING_VERSION = 0.1.0;
				PRODUCT_BUNDLE_IDENTIFIER = com.etnlwind.spotomg.controller;
				PRODUCT_NAME = "$(TARGET_NAME)";
				SUPPORTED_PLATFORMS = "iphoneos iphonesimulator";
				SUPPORTS_MACCATALYST = NO;
				SWIFT_COMPILATION_MODE = wholemodule;
				SWIFT_EMIT_LOC_STRINGS = YES;
				TARGETED_DEVICE_FAMILY = 1;
				VALIDATE_PRODUCT = YES;
			};
			name = Release;
		};
		B10000000000000000000005 /* Debug */ = {
			isa = XCBuildConfiguration;
			buildSettings = {
				BUNDLE_LOADER = "$(TEST_HOST)";
				CODE_SIGN_STYLE = Automatic;
				GENERATE_INFOPLIST_FILE = YES;
				IPHONEOS_DEPLOYMENT_TARGET = 17.0;
				PRODUCT_BUNDLE_IDENTIFIER = com.etnlwind.spotomg.controller.tests;
				PRODUCT_NAME = "$(TARGET_NAME)";
				SWIFT_VERSION = 5.0;
				TARGETED_DEVICE_FAMILY = 1;
				TEST_HOST = "$(BUILT_PRODUCTS_DIR)/SpotOMGController.app/$(BUNDLE_EXECUTABLE_FOLDER_PATH)/SpotOMGController";
			};
			name = Debug;
		};
		B10000000000000000000006 /* Release */ = {
			isa = XCBuildConfiguration;
			buildSettings = {
				BUNDLE_LOADER = "$(TEST_HOST)";
				CODE_SIGN_STYLE = Automatic;
				GENERATE_INFOPLIST_FILE = YES;
				IPHONEOS_DEPLOYMENT_TARGET = 17.0;
				PRODUCT_BUNDLE_IDENTIFIER = com.etnlwind.spotomg.controller.tests;
				PRODUCT_NAME = "$(TARGET_NAME)";
				SWIFT_VERSION = 5.0;
				TARGETED_DEVICE_FAMILY = 1;
				TEST_HOST = "$(BUILT_PRODUCTS_DIR)/SpotOMGController.app/$(BUNDLE_EXECUTABLE_FOLDER_PATH)/SpotOMGController";
			};
			name = Release;
		};
/* End XCBuildConfiguration section */

/* Begin XCConfigurationList section */
		A80000000000000000000001 /* Build configuration list for PBXProject "SpotOMGController" */ = {
			isa = XCConfigurationList;
			buildConfigurations = (
				B10000000000000000000001 /* Debug */,
				B10000000000000000000002 /* Release */,
			);
			defaultConfigurationIsVisible = 0;
			defaultConfigurationName = Release;
		};
		A80000000000000000000002 /* Build configuration list for PBXNativeTarget "SpotOMGController" */ = {
			isa = XCConfigurationList;
			buildConfigurations = (
				B10000000000000000000003 /* Debug */,
				B10000000000000000000004 /* Release */,
			);
			defaultConfigurationIsVisible = 0;
			defaultConfigurationName = Release;
		};
		A80000000000000000000003 /* Build configuration list for PBXNativeTarget "SpotOMGControllerTests" */ = {
			isa = XCConfigurationList;
			buildConfigurations = (
				B10000000000000000000005 /* Debug */,
				B10000000000000000000006 /* Release */,
			);
			defaultConfigurationIsVisible = 0;
			defaultConfigurationName = Release;
		};
/* End XCConfigurationList section */
	};
	rootObject = A90000000000000000000001 /* Project object */;
}
